{
  "version": 4,
  "terraform_version": "1.3.4",
  "serial": 334,
  "lineage": "20fade32-1a84-e283-f7a6-80ed6d548480",
  "outputs": {
    "bastion_open_tunnel_command": {
      "value": "gcloud compute ssh bastion-vm-bastion --project gproject-368612 --zone europe-west3-b",
      "type": "string"
    }
  },
  "resources": [
    {
      "module": "module.bastion",
      "mode": "managed",
      "type": "google_compute_firewall",
      "name": "bastion-ssh",
      "provider": "provider[\"registry.terraform.io/hashicorp/google\"]",
      "instances": [
        {
          "schema_version": 1,
          "attributes": {
            "allow": [
              {
                "ports": [
                  "22"
                ],
                "protocol": "tcp"
              }
            ],
            "creation_timestamp": "2022-11-18T04:56:47.598-08:00",
            "deny": [],
            "description": "",
            "destination_ranges": [],
            "direction": "INGRESS",
            "disabled": false,
            "enable_logging": null,
            "id": "projects/gproject-368612/global/firewalls/bastion-vm-bastion-ssh",
            "log_config": [],
            "name": "bastion-vm-bastion-ssh",
            "network": "https://www.googleapis.com/compute/v1/projects/gproject-368612/global/networks/kubernetes-cluster",
            "priority": 1000,
            "project": "gproject-368612",
            "self_link": "https://www.googleapis.com/compute/v1/projects/gproject-368612/global/firewalls/bastion-vm-bastion-ssh",
            "source_ranges": [
              "0.0.0.0/0"
            ],
            "source_service_accounts": [],
            "source_tags": [],
            "target_service_accounts": [],
            "target_tags": [],
            "timeouts": null
          },
          "sensitive_attributes": [],
          "private": "eyJlMmJmYjczMC1lY2FhLTExZTYtOGY4OC0zNDM2M2JjN2M0YzAiOnsiY3JlYXRlIjoxMjAwMDAwMDAwMDAwLCJkZWxldGUiOjEyMDAwMDAwMDAwMDAsInVwZGF0ZSI6MTIwMDAwMDAwMDAwMH0sInNjaGVtYV92ZXJzaW9uIjoiMSJ9",
          "dependencies": [
            "module.google_networks.google_compute_network.vpc"
          ]
        }
      ]
    },
    {
      "module": "module.bastion",
      "mode": "managed",
      "type": "google_compute_firewall",
      "name": "http",
      "provider": "provider[\"registry.terraform.io/hashicorp/google\"]",
      "instances": [
        {
          "schema_version": 1,
          "attributes": {
            "allow": [
              {
                "ports": [
                  "80"
                ],
                "protocol": "tcp"
              }
            ],
            "creation_timestamp": "2022-11-18T04:56:47.244-08:00",
            "deny": [],
            "description": "",
            "destination_ranges": [],
            "direction": "INGRESS",
            "disabled": false,
            "enable_logging": null,
            "id": "projects/gproject-368612/global/firewalls/http",
            "log_config": [],
            "name": "http",
            "network": "https://www.googleapis.com/compute/v1/projects/gproject-368612/global/networks/kubernetes-cluster",
            "priority": 1000,
            "project": "gproject-368612",
            "self_link": "https://www.googleapis.com/compute/v1/projects/gproject-368612/global/firewalls/http",
            "source_ranges": [
              "0.0.0.0/0"
            ],
            "source_service_accounts": [],
            "source_tags": [],
            "target_service_accounts": [],
            "target_tags": [],
            "timeouts": null
          },
          "sensitive_attributes": [],
          "private": "eyJlMmJmYjczMC1lY2FhLTExZTYtOGY4OC0zNDM2M2JjN2M0YzAiOnsiY3JlYXRlIjoxMjAwMDAwMDAwMDAwLCJkZWxldGUiOjEyMDAwMDAwMDAwMDAsInVwZGF0ZSI6MTIwMDAwMDAwMDAwMH0sInNjaGVtYV92ZXJzaW9uIjoiMSJ9",
          "dependencies": [
            "module.google_networks.google_compute_network.vpc"
          ]
        }
      ]
    },
    {
      "module": "module.bastion",
      "mode": "managed",
      "type": "google_compute_instance",
      "name": "bastion",
      "provider": "provider[\"registry.terraform.io/hashicorp/google\"]",
      "instances": [
        {
          "schema_version": 6,
          "attributes": {
            "advanced_machine_features": [],
            "allow_stopping_for_update": true,
            "attached_disk": [],
            "boot_disk": [
              {
                "auto_delete": true,
                "device_name": "persistent-disk-0",
                "disk_encryption_key_raw": "",
                "disk_encryption_key_sha256": "",
                "initialize_params": [
                  {
                    "image": "https://www.googleapis.com/compute/v1/projects/debian-cloud/global/images/debian-10-buster-v20221102",
                    "labels": {},
                    "size": 10,
                    "type": "pd-standard"
                  }
                ],
                "kms_key_self_link": "",
                "mode": "READ_WRITE",
                "source": "https://www.googleapis.com/compute/v1/projects/gproject-368612/zones/europe-west3-b/disks/bastion-vm-bastion"
              }
            ],
            "can_ip_forward": false,
            "confidential_instance_config": [],
            "cpu_platform": "Intel Broadwell",
            "current_status": "RUNNING",
            "deletion_protection": false,
            "description": "",
            "desired_status": null,
            "enable_display": false,
            "guest_accelerator": [],
            "hostname": "",
            "id": "projects/gproject-368612/zones/europe-west3-b/instances/bastion-vm-bastion",
            "instance_id": "138117943742054345",
            "label_fingerprint": "42WmSpB8rSM=",
            "labels": {},
            "machine_type": "e2-micro",
            "metadata": {},
            "metadata_fingerprint": "RKVskqKVaOw=",
            "metadata_startup_script": null,
            "min_cpu_platform": "",
            "name": "bastion-vm-bastion",
            "network_interface": [
              {
                "access_config": [
                  {
                    "nat_ip": "35.207.186.246",
                    "network_tier": "STANDARD",
                    "public_ptr_domain_name": ""
                  }
                ],
                "alias_ip_range": [],
                "ipv6_access_config": [],
                "ipv6_access_type": "",
                "name": "nic0",
                "network": "https://www.googleapis.com/compute/v1/projects/gproject-368612/global/networks/kubernetes-cluster",
                "network_ip": "10.10.0.2",
                "nic_type": "",
                "queue_count": 0,
                "stack_type": "IPV4_ONLY",
                "subnetwork": "https://www.googleapis.com/compute/v1/projects/gproject-368612/regions/europe-west3/subnetworks/kubernetes-cluster--subnet",
                "subnetwork_project": "gproject-368612"
              }
            ],
            "project": "gproject-368612",
            "reservation_affinity": [],
            "resource_policies": [],
            "scheduling": [
              {
                "automatic_restart": false,
                "instance_termination_action": "",
                "min_node_cpus": 0,
                "node_affinities": [],
                "on_host_maintenance": "TERMINATE",
                "preemptible": true,
                "provisioning_model": ""
              }
            ],
            "scratch_disk": [],
            "self_link": "https://www.googleapis.com/compute/v1/projects/gproject-368612/zones/europe-west3-b/instances/bastion-vm-bastion",
            "service_account": [
              {
                "email": "vm-service-account-id@gproject-368612.iam.gserviceaccount.com",
                "scopes": [
                  "https://www.googleapis.com/auth/cloud-platform"
                ]
              }
            ],
            "shielded_instance_config": [
              {
                "enable_integrity_monitoring": true,
                "enable_secure_boot": true,
                "enable_vtpm": true
              }
            ],
            "tags": [
              "bastion"
            ],
            "tags_fingerprint": "NfTTNVh6sLU=",
            "timeouts": null,
            "zone": "europe-west3-b"
          },
          "sensitive_attributes": [],
          "private": "eyJlMmJmYjczMC1lY2FhLTExZTYtOGY4OC0zNDM2M2JjN2M0YzAiOnsiY3JlYXRlIjoxMjAwMDAwMDAwMDAwLCJkZWxldGUiOjEyMDAwMDAwMDAwMDAsInVwZGF0ZSI6MTIwMDAwMDAwMDAwMH0sInNjaGVtYV92ZXJzaW9uIjoiNiJ9",
          "dependencies": [
            "module.bastion.google_service_account.service_account",
            "module.google_networks.google_compute_network.vpc",
            "module.google_networks.google_compute_subnetwork.subnet"
          ]
        }
      ]
    },
    {
      "module": "module.bastion",
      "mode": "managed",
      "type": "google_project_iam_binding",
      "name": "container-admin",
      "provider": "provider[\"registry.terraform.io/hashicorp/google\"]",
      "instances": [
        {
          "schema_version": 0,
          "attributes": {
            "condition": [],
            "etag": "BwXtxVDGw2M=",
            "id": "gproject-368612/roles/container.admin",
            "members": [
              "serviceAccount:vm-service-account-id@gproject-368612.iam.gserviceaccount.com"
            ],
            "project": "gproject-368612",
            "role": "roles/container.admin"
          },
          "sensitive_attributes": [],
          "private": "bnVsbA==",
          "dependencies": [
            "module.bastion.google_service_account.service_account"
          ]
        }
      ]
    },
    {
      "module": "module.bastion",
      "mode": "managed",
      "type": "google_project_iam_binding",
      "name": "storage-admin",
      "provider": "provider[\"registry.terraform.io/hashicorp/google\"]",
      "instances": [
        {
          "schema_version": 0,
          "attributes": {
            "condition": [],
            "etag": "BwXtxVDGw2M=",
            "id": "gproject-368612/roles/storage.admin",
            "members": [
              "serviceAccount:vm-service-account-id@gproject-368612.iam.gserviceaccount.com"
            ],
            "project": "gproject-368612",
            "role": "roles/storage.admin"
          },
          "sensitive_attributes": [],
          "private": "bnVsbA==",
          "dependencies": [
            "module.bastion.google_service_account.service_account"
          ]
        }
      ]
    },
    {
      "module": "module.bastion",
      "mode": "managed",
      "type": "google_service_account",
      "name": "service_account",
      "provider": "provider[\"registry.terraform.io/hashicorp/google\"]",
      "instances": [
        {
          "schema_version": 0,
          "attributes": {
            "account_id": "vm-service-account-id",
            "description": "",
            "disabled": false,
            "display_name": "Service Account",
            "email": "vm-service-account-id@gproject-368612.iam.gserviceaccount.com",
            "id": "projects/gproject-368612/serviceAccounts/vm-service-account-id@gproject-368612.iam.gserviceaccount.com",
            "member": "serviceAccount:vm-service-account-id@gproject-368612.iam.gserviceaccount.com",
            "name": "projects/gproject-368612/serviceAccounts/vm-service-account-id@gproject-368612.iam.gserviceaccount.com",
            "project": "gproject-368612",
            "timeouts": null,
            "unique_id": "101530349424655828208"
          },
          "sensitive_attributes": [],
          "private": "eyJlMmJmYjczMC1lY2FhLTExZTYtOGY4OC0zNDM2M2JjN2M0YzAiOnsiY3JlYXRlIjozMDAwMDAwMDAwMDB9fQ=="
        }
      ]
    },
    {
      "module": "module.google_kubernetes_cluster",
      "mode": "managed",
      "type": "google_container_cluster",
      "name": "app_cluster",
      "provider": "provider[\"registry.terraform.io/hashicorp/google\"]",
      "instances": [
        {
          "schema_version": 1,
          "attributes": {
            "addons_config": [
              {
                "cloudrun_config": [],
                "dns_cache_config": [],
                "gce_persistent_disk_csi_driver_config": [
                  {
                    "enabled": true
                  }
                ],
                "gcp_filestore_csi_driver_config": [],
                "horizontal_pod_autoscaling": [],
                "http_load_balancing": [],
                "network_policy_config": [
                  {
                    "disabled": true
                  }
                ]
              }
            ],
            "authenticator_groups_config": [],
            "binary_authorization": [
              {
                "enabled": false,
                "evaluation_mode": ""
              }
            ],
            "cluster_autoscaling": [
              {
                "auto_provisioning_defaults": [],
                "enabled": false,
                "resource_limits": []
              }
            ],
            "cluster_ipv4_cidr": "10.101.0.0/16",
            "confidential_nodes": [],
            "cost_management_config": [],
            "database_encryption": [
              {
                "key_name": "",
                "state": "DECRYPTED"
              }
            ],
            "datapath_provider": "",
            "default_max_pods_per_node": 110,
            "default_snat_status": [
              {
                "disabled": false
              }
            ],
            "description": "",
            "dns_config": [],
            "enable_autopilot": false,
            "enable_binary_authorization": false,
            "enable_intranode_visibility": false,
            "enable_kubernetes_alpha": false,
            "enable_legacy_abac": false,
            "enable_shielded_nodes": true,
            "enable_tpu": false,
            "endpoint": "10.100.100.2",
            "id": "projects/gproject-368612/locations/europe-west3/clusters/app-cluster",
            "initial_node_count": 1,
            "ip_allocation_policy": [
              {
                "cluster_ipv4_cidr_block": "10.101.0.0/16",
                "cluster_secondary_range_name": "gke-app-cluster-pods-37c30673",
                "services_ipv4_cidr_block": "10.102.0.0/16",
                "services_secondary_range_name": "gke-app-cluster-services-37c30673"
              }
            ],
            "label_fingerprint": "a9dc16a7",
            "location": "europe-west3",
            "logging_config": [
              {
                "enable_components": [
                  "SYSTEM_COMPONENTS",
                  "WORKLOADS"
                ]
              }
            ],
            "logging_service": "logging.googleapis.com/kubernetes",
            "maintenance_policy": [],
            "master_auth": [
              {
                "client_certificate": "",
                "client_certificate_config": [
                  {
                    "issue_client_certificate": false
                  }
                ],
                "client_key": "",
                "cluster_ca_certificate": "LS0tLS1CRUdJTiBDRVJUSUZJQ0FURS0tLS0tCk1JSUVMRENDQXBTZ0F3SUJBZ0lRTm40MXIzUVJKZ1dKSlYweTVydU5YekFOQmdrcWhraUc5dzBCQVFzRkFEQXYKTVMwd0t3WURWUVFERXlRMlpESTRNMll3TWkwd09ERTNMVFF5TkRNdFlqa3paaTB4TkdFNU9URXhNREZqWkRndwpJQmNOTWpJeE1URTRNVFl6TWpVeldoZ1BNakExTWpFeE1UQXhOek15TlROYU1DOHhMVEFyQmdOVkJBTVRKRFprCk1qZ3paakF5TFRBNE1UY3ROREkwTXkxaU9UTm1MVEUwWVRrNU1URXdNV05rT0RDQ0FhSXdEUVlKS29aSWh2Y04KQVFFQkJRQURnZ0dQQURDQ0FZb0NnZ0dCQUs0NHo4bFhlemp2akh1eXFFQ3JadjZvT3F5Q1BlSFdOUWRHSnVjUwp5dGFqQ0JxZExvUFljSVk5OWxVaFBiMkw5TjdlNlFadTNvNU4relB3b1MvQTZmNlpDeG1TY1YwZFBpWnBlL2ZDCjlOSVJjYlNPenplb2ZuT3hJcTBscFcwZ2tnNzJNWFhqTnJzMGxaWG56YzErL1BSTnU1OXhTRUJVbXhtbUtmNVkKK1F2dlJZNWVFWnBjOTU2dlp1V1dyNjRrSVBvbm1Xd0dWMmRGOGxLeE1QalpLQXVLRys4ZExNSjZPdGRKTDNhVwpQUXRhalZtK3UvYXYvaGZGYWxWdldibmYwMDNuZEZxcGVENFY0dTVENW1CY3o0OVMzR1lXWEZTS3Q4QVVOZllqCmRSVDhuMEVva3J6cHRVWTk0NXlYN3RhZGZwcks2ZTV4V2RvbFRZY0taOGY2L1ArWU01aHVpa0c5bTNMdGNzZWYKMWg3eGlUQlg1czlMVlZwck8zb0kwb1RPdmdEeFNhNDR1QW1WSTJQTitDbVJ0K0dsZzFkVmJDdG4rdHRINjZTMQo2UVlqMEhBWENERTNvNUFEQUJDdkE3Q1BPWDdhSVhpejVDTEpPSk1BV2ppVExsZXFsUmRFTTllNlM4M0t1bWdwCnhEWXhNWkMzWUR0eFNnclRqR2hGcjlYN2h3SURBUUFCbzBJd1FEQU9CZ05WSFE4QkFmOEVCQU1DQWdRd0R3WUQKVlIwVEFRSC9CQVV3QXdFQi96QWRCZ05WSFE0RUZnUVUxMVFIbld1b1I2dUVPVGg2cklJVXZGZ1pORzB3RFFZSgpLb1pJaHZjTkFRRUxCUUFEZ2dHQkFFckFKWllTMjhicXI0dzVyaGZxa1dBblBlNytkV2NLMDB6RnBJSnlIWjFuCnNLZEYvQ1FoVEFpakpXVlYzczlQbUgza3hISmFYSGRGdFAydUowbjdLc3pnL0xrdStqWmVqK2ZxNjNkeWoxa1EKMnI5Tit2QzBVcjBIdDRkVjk0cStmOHk1eWxiVi90ME9OaExXWUplSUNJM0thcGpleXJzdlNack9YbDNDL3RsWApzR25XdzhBQnFWT3pySTBRK09JYS9QVzdENUV6NUFKQ1Z2R3JlaFF4TzA0aCtQNEdQODAvc1FWUUhSRDRCUlk2CjFHU2R6M1pLdEdyNEhuSHpIUmFtZ09MUGtZbFRKSjVmN0hERi8rMVZ2RXFUaVNOMUNjWlJZWHVHZk9BaHRDSjMKT2dlU1BJdU95eTJhOEQ5bE1xTVkxL3Bjd3RjNU1sMEhlRXFNNi9RYVM0bTJxM3FaR2tya3BGeWw5cGthcmdYZgpTejdrdkNCNmhsR25Bd0dweVdTbDRHN0ZmWHNSSVV5L3V0aFN2SE1heTIreGNQRmdxNTJuYldvaEUxTjlFdi9QClR3b2xjQk1hUGJqMTNtZ3Faa3A5eENmaHg3ZVYvclhMR1BLTXRzZ1VJckN5ZkgzeXFxR2JNLzAycmRwWGIzT0EKTWloYXJUTGw3eE92bjJtUlQ3VjJqZz09Ci0tLS0tRU5EIENFUlRJRklDQVRFLS0tLS0K"
              }
            ],
            "master_authorized_networks_config": [
              {
                "cidr_blocks": [
                  {
                    "cidr_block": "10.10.0.2/32",
                    "display_name": "External Control Plane access"
                  }
                ]
              }
            ],
            "master_version": "1.23.12-gke.100",
            "mesh_certificates": [],
            "min_master_version": null,
            "monitoring_config": [
              {
                "enable_components": [
                  "SYSTEM_COMPONENTS"
                ]
              }
            ],
            "monitoring_service": "monitoring.googleapis.com/kubernetes",
            "name": "app-cluster",
            "network": "projects/gproject-368612/global/networks/kubernetes-cluster",
            "network_policy": [
              {
                "enabled": false,
                "provider": "PROVIDER_UNSPECIFIED"
              }
            ],
            "networking_mode": "VPC_NATIVE",
            "node_config": [],
            "node_locations": [
              "europe-west3-a",
              "europe-west3-b",
              "europe-west3-c"
            ],
            "node_pool": [],
            "node_version": "1.23.12-gke.100",
            "notification_config": [
              {
                "pubsub": [
                  {
                    "enabled": false,
                    "filter": [],
                    "topic": ""
                  }
                ]
              }
            ],
            "operation": null,
            "private_cluster_config": [
              {
                "enable_private_endpoint": true,
                "enable_private_nodes": true,
                "master_global_access_config": [
                  {
                    "enabled": false
                  }
                ],
                "master_ipv4_cidr_block": "10.100.100.0/28",
                "peering_name": "gke-n73aefb4a1dbacbe04b9-38bc-6ba7-peer",
                "private_endpoint": "10.100.100.2",
                "public_endpoint": "34.107.61.183"
              }
            ],
            "private_ipv6_google_access": "",
            "project": "gproject-368612",
            "release_channel": [
              {
                "channel": "REGULAR"
              }
            ],
            "remove_default_node_pool": true,
            "resource_labels": {},
            "resource_usage_export_config": [],
            "self_link": "https://container.googleapis.com/v1/projects/gproject-368612/locations/europe-west3/clusters/app-cluster",
            "service_external_ips_config": [
              {
                "enabled": false
              }
            ],
            "services_ipv4_cidr": "10.102.0.0/16",
            "subnetwork": "projects/gproject-368612/regions/europe-west3/subnetworks/kubernetes-cluster--subnet",
            "timeouts": null,
            "tpu_ipv4_cidr_block": "",
            "vertical_pod_autoscaling": [],
            "workload_identity_config": []
          },
          "sensitive_attributes": [],
          "private": "eyJlMmJmYjczMC1lY2FhLTExZTYtOGY4OC0zNDM2M2JjN2M0YzAiOnsiY3JlYXRlIjoyNDAwMDAwMDAwMDAwLCJkZWxldGUiOjI0MDAwMDAwMDAwMDAsInJlYWQiOjI0MDAwMDAwMDAwMDAsInVwZGF0ZSI6MzYwMDAwMDAwMDAwMH0sInNjaGVtYV92ZXJzaW9uIjoiMSJ9",
          "dependencies": [
            "module.bastion.google_compute_instance.bastion",
            "module.bastion.google_service_account.service_account",
            "module.google_networks.google_compute_network.vpc",
            "module.google_networks.google_compute_subnetwork.subnet"
          ]
        }
      ]
    },
    {
      "module": "module.google_kubernetes_cluster",
      "mode": "managed",
      "type": "google_container_node_pool",
      "name": "app_cluster_linux_node_pool",
      "provider": "provider[\"registry.terraform.io/hashicorp/google\"]",
      "instances": [
        {
          "schema_version": 1,
          "attributes": {
            "autoscaling": [],
            "cluster": "app-cluster",
            "id": "projects/gproject-368612/locations/europe-west3/clusters/app-cluster/nodePools/app-cluster--linux-node-pool",
            "initial_node_count": 1,
            "instance_group_urls": [
              "https://www.googleapis.com/compute/v1/projects/gproject-368612/zones/europe-west3-a/instanceGroupManagers/gke-app-cluster-app-cluster--linux-no-1feae5a7-grp"
            ],
            "location": "europe-west3",
            "managed_instance_group_urls": [
              "https://www.googleapis.com/compute/v1/projects/gproject-368612/zones/europe-west3-a/instanceGroups/gke-app-cluster-app-cluster--linux-no-1feae5a7-grp"
            ],
            "management": [
              {
                "auto_repair": true,
                "auto_upgrade": true
              }
            ],
            "max_pods_per_node": 110,
            "name": "app-cluster--linux-node-pool",
            "name_prefix": "",
            "node_config": [
              {
                "boot_disk_kms_key": "",
                "disk_size_gb": 20,
                "disk_type": "pd-standard",
                "gcfs_config": [],
                "guest_accelerator": [],
                "gvnic": [],
                "image_type": "COS_CONTAINERD",
                "labels": {
                  "cluster": "app-cluster"
                },
                "local_ssd_count": 0,
                "machine_type": "e2-standard-2",
                "metadata": {
                  "disable-legacy-endpoints": "true",
                  "google-compute-enable-virtio-rng": "true"
                },
                "min_cpu_platform": "",
                "node_group": "",
                "oauth_scopes": [
                  "https://www.googleapis.com/auth/cloud-platform",
                  "https://www.googleapis.com/auth/devstorage.read_only",
                  "https://www.googleapis.com/auth/logging.write",
                  "https://www.googleapis.com/auth/monitoring",
                  "https://www.googleapis.com/auth/service.management.readonly",
                  "https://www.googleapis.com/auth/servicecontrol",
                  "https://www.googleapis.com/auth/trace.append"
                ],
                "preemptible": true,
                "reservation_affinity": [],
                "service_account": "cluster-sa-id@gproject-368612.iam.gserviceaccount.com",
                "shielded_instance_config": [
                  {
                    "enable_integrity_monitoring": true,
                    "enable_secure_boot": false
                  }
                ],
                "spot": false,
                "tags": null,
                "taint": [],
                "workload_metadata_config": []
              }
            ],
            "node_count": 1,
            "node_locations": [
              "europe-west3-a"
            ],
            "operation": null,
            "project": "gproject-368612",
            "timeouts": null,
            "upgrade_settings": [
              {
                "max_surge": 1,
                "max_unavailable": 1
              }
            ],
            "version": "1.23.12-gke.100"
          },
          "sensitive_attributes": [],
          "private": "eyJlMmJmYjczMC1lY2FhLTExZTYtOGY4OC0zNDM2M2JjN2M0YzAiOnsiY3JlYXRlIjoxODAwMDAwMDAwMDAwLCJkZWxldGUiOjE4MDAwMDAwMDAwMDAsInVwZGF0ZSI6MTgwMDAwMDAwMDAwMH0sInNjaGVtYV92ZXJzaW9uIjoiMSJ9",
          "dependencies": [
            "module.google_kubernetes_cluster.google_container_cluster.app_cluster",
            "module.google_kubernetes_cluster.google_service_account.service"
          ]
        }
      ]
    },
    {
      "module": "module.google_kubernetes_cluster",
      "mode": "managed",
      "type": "google_project_iam_binding",
      "name": "container-admin",
      "provider": "provider[\"registry.terraform.io/hashicorp/google\"]",
      "instances": [
        {
          "schema_version": 0,
          "attributes": {
            "condition": [],
            "etag": "BwXtxYF7BMg=",
            "id": "gproject-368612/roles/container.admin",
            "members": [
              "serviceAccount:cluster-sa-id@gproject-368612.iam.gserviceaccount.com"
            ],
            "project": "gproject-368612",
            "role": "roles/container.admin"
          },
          "sensitive_attributes": [],
          "private": "bnVsbA==",
          "dependencies": [
            "module.google_kubernetes_cluster.google_service_account.service"
          ]
        }
      ]
    },
    {
      "module": "module.google_kubernetes_cluster",
      "mode": "managed",
      "type": "google_project_iam_binding",
      "name": "storage-admin",
      "provider": "provider[\"registry.terraform.io/hashicorp/google\"]",
      "instances": [
        {
          "schema_version": 0,
          "attributes": {
            "condition": [],
            "etag": "BwXtxYF7BMg=",
            "id": "gproject-368612/roles/storage.admin",
            "members": [
              "serviceAccount:cluster-sa-id@gproject-368612.iam.gserviceaccount.com"
            ],
            "project": "gproject-368612",
            "role": "roles/storage.admin"
          },
          "sensitive_attributes": [],
          "private": "bnVsbA==",
          "dependencies": [
            "module.google_kubernetes_cluster.google_service_account.service"
          ]
        }
      ]
    },
    {
      "module": "module.google_kubernetes_cluster",
      "mode": "managed",
      "type": "google_service_account",
      "name": "service",
      "provider": "provider[\"registry.terraform.io/hashicorp/google\"]",
      "instances": [
        {
          "schema_version": 0,
          "attributes": {
            "account_id": "cluster-sa-id",
            "description": "",
            "disabled": false,
            "display_name": "Service Account",
            "email": "cluster-sa-id@gproject-368612.iam.gserviceaccount.com",
            "id": "projects/gproject-368612/serviceAccounts/cluster-sa-id@gproject-368612.iam.gserviceaccount.com",
            "member": "serviceAccount:cluster-sa-id@gproject-368612.iam.gserviceaccount.com",
            "name": "projects/gproject-368612/serviceAccounts/cluster-sa-id@gproject-368612.iam.gserviceaccount.com",
            "project": "gproject-368612",
            "timeouts": null,
            "unique_id": "114283335422577601262"
          },
          "sensitive_attributes": [],
          "private": "eyJlMmJmYjczMC1lY2FhLTExZTYtOGY4OC0zNDM2M2JjN2M0YzAiOnsiY3JlYXRlIjozMDAwMDAwMDAwMDB9fQ=="
        }
      ]
    },
    {
      "module": "module.google_networks",
      "mode": "managed",
      "type": "google_compute_network",
      "name": "vpc",
      "provider": "provider[\"registry.terraform.io/hashicorp/google\"]",
      "instances": [
        {
          "schema_version": 0,
          "attributes": {
            "auto_create_subnetworks": false,
            "delete_default_routes_on_create": true,
            "description": "",
            "enable_ula_internal_ipv6": false,
            "gateway_ipv4": "",
            "id": "projects/gproject-368612/global/networks/kubernetes-cluster",
            "internal_ipv6_range": "",
            "mtu": 0,
            "name": "kubernetes-cluster",
            "project": "gproject-368612",
            "routing_mode": "GLOBAL",
            "self_link": "https://www.googleapis.com/compute/v1/projects/gproject-368612/global/networks/kubernetes-cluster",
            "timeouts": null
          },
          "sensitive_attributes": [],
          "private": "eyJlMmJmYjczMC1lY2FhLTExZTYtOGY4OC0zNDM2M2JjN2M0YzAiOnsiY3JlYXRlIjoxMjAwMDAwMDAwMDAwLCJkZWxldGUiOjEyMDAwMDAwMDAwMDAsInVwZGF0ZSI6MTIwMDAwMDAwMDAwMH19"
        }
      ]
    },
    {
      "module": "module.google_networks",
      "mode": "managed",
      "type": "google_compute_route",
      "name": "egress_internet",
      "provider": "provider[\"registry.terraform.io/hashicorp/google\"]",
      "instances": [
        {
          "schema_version": 0,
          "attributes": {
            "description": "",
            "dest_range": "0.0.0.0/0",
            "id": "projects/gproject-368612/global/routes/egress-internet",
            "name": "egress-internet",
            "network": "https://www.googleapis.com/compute/v1/projects/gproject-368612/global/networks/kubernetes-cluster",
            "next_hop_gateway": "https://www.googleapis.com/compute/v1/projects/gproject-368612/global/gateways/default-internet-gateway",
            "next_hop_ilb": "",
            "next_hop_instance": "",
            "next_hop_instance_zone": null,
            "next_hop_ip": "",
            "next_hop_network": "",
            "next_hop_vpn_tunnel": "",
            "priority": 1000,
            "project": "gproject-368612",
            "self_link": "https://www.googleapis.com/compute/v1/projects/gproject-368612/global/routes/egress-internet",
            "tags": [],
            "timeouts": null
          },
          "sensitive_attributes": [],
          "private": "eyJlMmJmYjczMC1lY2FhLTExZTYtOGY4OC0zNDM2M2JjN2M0YzAiOnsiY3JlYXRlIjoxMjAwMDAwMDAwMDAwLCJkZWxldGUiOjEyMDAwMDAwMDAwMDB9fQ==",
          "dependencies": [
            "module.google_networks.google_compute_network.vpc"
          ]
        }
      ]
    },
    {
      "module": "module.google_networks",
      "mode": "managed",
      "type": "google_compute_router",
      "name": "router",
      "provider": "provider[\"registry.terraform.io/hashicorp/google\"]",
      "instances": [
        {
          "schema_version": 0,
          "attributes": {
            "bgp": [],
            "creation_timestamp": "2022-11-18T04:57:09.763-08:00",
            "description": "",
            "encrypted_interconnect_router": false,
            "id": "projects/gproject-368612/regions/europe-west3/routers/kubernetes-cluster-router",
            "name": "kubernetes-cluster-router",
            "network": "https://www.googleapis.com/compute/v1/projects/gproject-368612/global/networks/kubernetes-cluster",
            "project": "gproject-368612",
            "region": "europe-west3",
            "self_link": "https://www.googleapis.com/compute/v1/projects/gproject-368612/regions/europe-west3/routers/kubernetes-cluster-router",
            "timeouts": null
          },
          "sensitive_attributes": [],
          "private": "eyJlMmJmYjczMC1lY2FhLTExZTYtOGY4OC0zNDM2M2JjN2M0YzAiOnsiY3JlYXRlIjoxMjAwMDAwMDAwMDAwLCJkZWxldGUiOjEyMDAwMDAwMDAwMDAsInVwZGF0ZSI6MTIwMDAwMDAwMDAwMH19",
          "dependencies": [
            "module.google_networks.google_compute_network.vpc",
            "module.google_networks.google_compute_subnetwork.subnet"
          ]
        }
      ]
    },
    {
      "module": "module.google_networks",
      "mode": "managed",
      "type": "google_compute_router_nat",
      "name": "nat_router",
      "provider": "provider[\"registry.terraform.io/hashicorp/google\"]",
      "instances": [
        {
          "schema_version": 0,
          "attributes": {
            "drain_nat_ips": [],
            "enable_dynamic_port_allocation": false,
            "enable_endpoint_independent_mapping": true,
            "icmp_idle_timeout_sec": 30,
            "id": "gproject-368612/europe-west3/kubernetes-cluster-router/kubernetes-cluster--subnet-nat-router",
            "log_config": [],
            "max_ports_per_vm": 0,
            "min_ports_per_vm": 0,
            "name": "kubernetes-cluster--subnet-nat-router",
            "nat_ip_allocate_option": "AUTO_ONLY",
            "nat_ips": [],
            "project": "gproject-368612",
            "region": "europe-west3",
            "router": "kubernetes-cluster-router",
            "rules": [],
            "source_subnetwork_ip_ranges_to_nat": "LIST_OF_SUBNETWORKS",
            "subnetwork": [
              {
                "name": "https://www.googleapis.com/compute/v1/projects/gproject-368612/regions/europe-west3/subnetworks/kubernetes-cluster--subnet",
                "secondary_ip_range_names": [],
                "source_ip_ranges_to_nat": [
                  "ALL_IP_RANGES"
                ]
              }
            ],
            "tcp_established_idle_timeout_sec": 1200,
            "tcp_transitory_idle_timeout_sec": 30,
            "timeouts": null,
            "udp_idle_timeout_sec": 30
          },
          "sensitive_attributes": [],
          "private": "eyJlMmJmYjczMC1lY2FhLTExZTYtOGY4OC0zNDM2M2JjN2M0YzAiOnsiY3JlYXRlIjoxMjAwMDAwMDAwMDAwLCJkZWxldGUiOjEyMDAwMDAwMDAwMDAsInVwZGF0ZSI6MTIwMDAwMDAwMDAwMH19",
          "dependencies": [
            "module.google_networks.google_compute_network.vpc",
            "module.google_networks.google_compute_router.router",
            "module.google_networks.google_compute_subnetwork.subnet"
          ]
        }
      ]
    },
    {
      "module": "module.google_networks",
      "mode": "managed",
      "type": "google_compute_subnetwork",
      "name": "restricted_subnet",
      "provider": "provider[\"registry.terraform.io/hashicorp/google\"]",
      "instances": [
        {
          "schema_version": 0,
          "attributes": {
            "creation_timestamp": "2022-11-18T08:38:59.068-08:00",
            "description": "",
            "external_ipv6_prefix": "",
            "fingerprint": null,
            "gateway_address": "10.0.0.1",
            "id": "projects/gproject-368612/regions/europe-west3/subnetworks/kubernetes-cluster--restricted-subnet",
            "ip_cidr_range": "10.0.0.0/16",
            "ipv6_access_type": "",
            "ipv6_cidr_range": "",
            "log_config": [],
            "name": "kubernetes-cluster--restricted-subnet",
            "network": "https://www.googleapis.com/compute/v1/projects/gproject-368612/global/networks/kubernetes-cluster",
            "private_ip_google_access": true,
            "private_ipv6_google_access": "DISABLE_GOOGLE_ACCESS",
            "project": "gproject-368612",
            "purpose": "PRIVATE",
            "region": "europe-west3",
            "role": "",
            "secondary_ip_range": [],
            "self_link": "https://www.googleapis.com/compute/v1/projects/gproject-368612/regions/europe-west3/subnetworks/kubernetes-cluster--restricted-subnet",
            "stack_type": "IPV4_ONLY",
            "timeouts": null
          },
          "sensitive_attributes": [],
          "private": "eyJlMmJmYjczMC1lY2FhLTExZTYtOGY4OC0zNDM2M2JjN2M0YzAiOnsiY3JlYXRlIjoxMjAwMDAwMDAwMDAwLCJkZWxldGUiOjEyMDAwMDAwMDAwMDAsInVwZGF0ZSI6MTIwMDAwMDAwMDAwMH19",
          "dependencies": [
            "module.google_networks.google_compute_network.vpc"
          ]
        }
      ]
    },
    {
      "module": "module.google_networks",
      "mode": "managed",
      "type": "google_compute_subnetwork",
      "name": "subnet",
      "provider": "provider[\"registry.terraform.io/hashicorp/google\"]",
      "instances": [
        {
          "schema_version": 0,
          "attributes": {
            "creation_timestamp": "2022-11-18T04:56:47.865-08:00",
            "description": "",
            "external_ipv6_prefix": "",
            "fingerprint": null,
            "gateway_address": "10.10.0.1",
            "id": "projects/gproject-368612/regions/europe-west3/subnetworks/kubernetes-cluster--subnet",
            "ip_cidr_range": "10.10.0.0/16",
            "ipv6_access_type": "",
            "ipv6_cidr_range": "",
            "log_config": [],
            "name": "kubernetes-cluster--subnet",
            "network": "https://www.googleapis.com/compute/v1/projects/gproject-368612/global/networks/kubernetes-cluster",
            "private_ip_google_access": true,
            "private_ipv6_google_access": "DISABLE_GOOGLE_ACCESS",
            "project": "gproject-368612",
            "purpose": "PRIVATE",
            "region": "europe-west3",
            "role": "",
            "secondary_ip_range": [
              {
                "ip_cidr_range": "10.101.0.0/16",
                "range_name": "gke-app-cluster-pods-37c30673"
              },
              {
                "ip_cidr_range": "10.102.0.0/16",
                "range_name": "gke-app-cluster-services-37c30673"
              }
            ],
            "self_link": "https://www.googleapis.com/compute/v1/projects/gproject-368612/regions/europe-west3/subnetworks/kubernetes-cluster--subnet",
            "stack_type": "IPV4_ONLY",
            "timeouts": null
          },
          "sensitive_attributes": [],
          "private": "eyJlMmJmYjczMC1lY2FhLTExZTYtOGY4OC0zNDM2M2JjN2M0YzAiOnsiY3JlYXRlIjoxMjAwMDAwMDAwMDAwLCJkZWxldGUiOjEyMDAwMDAwMDAwMDAsInVwZGF0ZSI6MTIwMDAwMDAwMDAwMH19",
          "dependencies": [
            "module.google_networks.google_compute_network.vpc"
          ]
        }
      ]
    }
  ],
  "check_results": null
}
